schema: '2.0'
stages:
  data_ingestion:
    cmd: python src/pipeline_steps/stage01_data_ingestion.py
    deps:
    - path: src/config.yaml
      hash: md5
      md5: 6f3b6ae109aaacb645b0c22c3b91fd8f
      size: 816
    - path: src/pipeline_steps/stage01_data_ingestion.py
      hash: md5
      md5: b31b74db29d74c52f397ddc1ab285ecf
      size: 1102
    outs:
    - path: data/raw/winequality-red.csv
      hash: md5
      md5: 6a883fd98624e18c0b7ce251f4fab4fb
      size: 100951
  data_validation:
    cmd: python src/pipeline_steps/stage02_data_validation.py
    deps:
    - path: data/raw/winequality-red.csv
      hash: md5
      md5: 6a883fd98624e18c0b7ce251f4fab4fb
      size: 100951
    - path: src/config.yaml
      hash: md5
      md5: 6f3b6ae109aaacb645b0c22c3b91fd8f
      size: 816
    - path: src/pipeline_steps/stage02_data_validation.py
      hash: md5
      md5: de78f53b3cea8e100348041e28dfeaa6
      size: 983
    outs:
    - path: data/status.txt
      hash: md5
      md5: 86e6a2f694c57a675b3e2da6b95ff9ba
      size: 23
  data_transformation:
    cmd: python src/pipeline_steps/stage03_data_transformation.py
    deps:
    - path: data/raw/winequality-red.csv
      hash: md5
      md5: 6a883fd98624e18c0b7ce251f4fab4fb
      size: 100951
    - path: data/status.txt
      hash: md5
      md5: 86e6a2f694c57a675b3e2da6b95ff9ba
      size: 23
    - path: src/config.yaml
      hash: md5
      md5: 6f3b6ae109aaacb645b0c22c3b91fd8f
      size: 816
    - path: src/pipeline_steps/stage03_data_transformation.py
      hash: md5
      md5: 3350883f9c952e9df292db4585d666b7
      size: 1372
    outs:
    - path: data/processed/X_test.csv
      hash: md5
      md5: 9ae87aeb78fbccba2b39e275486125d5
      size: 18188
    - path: data/processed/X_train.csv
      hash: md5
      md5: 8d0713cbe22ad72af5f863e9e32577e6
      size: 72229
    - path: data/processed/y_test.csv
      hash: md5
      md5: 52997ed677033cccf5874db23d054043
      size: 648
    - path: data/processed/y_train.csv
      hash: md5
      md5: 4040613523475448ce5a6170c18e383e
      size: 2566
  model_trainer:
    cmd: python src/pipeline_steps/stage04_model_trainer.py
    deps:
    - path: data/processed/X_train.csv
      hash: md5
      md5: 8d0713cbe22ad72af5f863e9e32577e6
      size: 72229
    - path: data/processed/y_train.csv
      hash: md5
      md5: 4040613523475448ce5a6170c18e383e
      size: 2566
    - path: src/config.yaml
      hash: md5
      md5: 6f3b6ae109aaacb645b0c22c3b91fd8f
      size: 816
    - path: src/pipeline_steps/stage04_model_trainer.py
      hash: md5
      md5: f54d1a096accdeeeeee6665001ab130a
      size: 951
  model_evaluation:
    cmd: python src/pipeline_steps/stage05_model_evaluation.py
    deps:
    - path: data/processed/X_test.csv
      hash: md5
      md5: 9ae87aeb78fbccba2b39e275486125d5
      size: 18188
    - path: data/processed/y_test.csv
      hash: md5
      md5: 52997ed677033cccf5874db23d054043
      size: 648
    - path: models/model.joblib
      hash: md5
      md5: 45e06792e223128453f00ca79c4ba951
      size: 1279
    - path: src/config.yaml
      hash: md5
      md5: 6f3b6ae109aaacb645b0c22c3b91fd8f
      size: 816
    - path: src/pipeline_steps/stage05_model_evaluation.py
      hash: md5
      md5: d3fa586225992ed94b1d4fefff1e4fa7
      size: 995
    outs:
    - path: metrics/metrics.json
      hash: md5
      md5: 56bca8eb59121ad1e8515d0cb4692efc
      size: 96
